// !$*UTF8*$!
{
	archiveVersion = 1;
	classes = {
	};
	objectVersion = 46;
	objects = {

/* Begin PBXBuildFile section */
		ADB13C921C6E8E1000B5480B /* Model.xcdatamodeld in Sources */ = {isa = PBXBuildFile; fileRef = ADB13C901C6E8E1000B5480B /* Model.xcdatamodeld */; settings = {ASSET_TAGS = (); }; };
		D1BD54C51C681DB600A75BC7 /* AppDelegate.swift in Sources */ = {isa = PBXBuildFile; fileRef = D1BD54C41C681DB600A75BC7 /* AppDelegate.swift */; };
		D1BD54C71C681DB600A75BC7 /* MapViewController.swift in Sources */ = {isa = PBXBuildFile; fileRef = D1BD54C61C681DB600A75BC7 /* MapViewController.swift */; };
		D1BD54CA1C681DB600A75BC7 /* Main.storyboard in Resources */ = {isa = PBXBuildFile; fileRef = D1BD54C81C681DB600A75BC7 /* Main.storyboard */; };
		D1BD54CC1C681DB600A75BC7 /* Assets.xcassets in Resources */ = {isa = PBXBuildFile; fileRef = D1BD54CB1C681DB600A75BC7 /* Assets.xcassets */; };
		D1BD54CF1C681DB600A75BC7 /* LaunchScreen.storyboard in Resources */ = {isa = PBXBuildFile; fileRef = D1BD54CD1C681DB600A75BC7 /* LaunchScreen.storyboard */; };
		D1BD54DA1C681DB600A75BC7 /* VirtualTouristTests.swift in Sources */ = {isa = PBXBuildFile; fileRef = D1BD54D91C681DB600A75BC7 /* VirtualTouristTests.swift */; };
		D1BD54E51C681DB600A75BC7 /* VirtualTouristUITests.swift in Sources */ = {isa = PBXBuildFile; fileRef = D1BD54E41C681DB600A75BC7 /* VirtualTouristUITests.swift */; };
		D1BD54F31C68207B00A75BC7 /* MapKit.framework in Frameworks */ = {isa = PBXBuildFile; fileRef = D1BD54F21C68207B00A75BC7 /* MapKit.framework */; };
		D1BD54F51C68260800A75BC7 /* CoreDataStackManager.swift in Sources */ = {isa = PBXBuildFile; fileRef = D1BD54F41C68260800A75BC7 /* CoreDataStackManager.swift */; };
		D1BD54F81C68271200A75BC7 /* Pin.swift in Sources */ = {isa = PBXBuildFile; fileRef = D1BD54F71C68271200A75BC7 /* Pin.swift */; };
/* End PBXBuildFile section */

/* Begin PBXContainerItemProxy section */
		D1BD54D61C681DB600A75BC7 /* PBXContainerItemProxy */ = {
			isa = PBXContainerItemProxy;
			containerPortal = D1BD54B91C681DB500A75BC7 /* Project object */;
			proxyType = 1;
			remoteGlobalIDString = D1BD54C01C681DB600A75BC7;
			remoteInfo = VirtualTourist;
		};
		D1BD54E11C681DB600A75BC7 /* PBXContainerItemProxy */ = {
			isa = PBXContainerItemProxy;
			containerPortal = D1BD54B91C681DB500A75BC7 /* Project object */;
			proxyType = 1;
			remoteGlobalIDString = D1BD54C01C681DB600A75BC7;
			remoteInfo = VirtualTourist;
		};
/* End PBXContainerItemProxy section */

/* Begin PBXFileReference section */
		ADB13C911C6E8E1000B5480B /* Model.xcdatamodel */ = {isa = PBXFileReference; lastKnownFileType = wrapper.xcdatamodel; path = Model.xcdatamodel; sourceTree = "<group>"; };
		D1BD54C11C681DB600A75BC7 /* VirtualTourist.app */ = {isa = PBXFileReference; explicitFileType = wrapper.application; includeInIndex = 0; path = VirtualTourist.app; sourceTree = BUILT_PRODUCTS_DIR; };
		D1BD54C41C681DB600A75BC7 /* AppDelegate.swift */ = {isa = PBXFileReference; lastKnownFileType = sourcecode.swift; path = AppDelegate.swift; sourceTree = "<group>"; };
		D1BD54C61C681DB600A75BC7 /* MapViewController.swift */ = {isa = PBXFileReference; lastKnownFileType = sourcecode.swift; path = MapViewController.swift; sourceTree = "<group>"; };
		D1BD54C91C681DB600A75BC7 /* Base */ = {isa = PBXFileReference; lastKnownFileType = file.storyboard; name = Base; path = Base.lproj/Main.storyboard; sourceTree = "<group>"; };
		D1BD54CB1C681DB600A75BC7 /* Assets.xcassets */ = {isa = PBXFileReference; lastKnownFileType = folder.assetcatalog; path = Assets.xcassets; sourceTree = "<group>"; };
		D1BD54CE1C681DB600A75BC7 /* Base */ = {isa = PBXFileReference; lastKnownFileType = file.storyboard; name = Base; path = Base.lproj/LaunchScreen.storyboard; sourceTree = "<group>"; };
		D1BD54D01C681DB600A75BC7 /* Info.plist */ = {isa = PBXFileReference; lastKnownFileType = text.plist.xml; path = Info.plist; sourceTree = "<group>"; };
		D1BD54D51C681DB600A75BC7 /* VirtualTouristTests.xctest */ = {isa = PBXFileReference; explicitFileType = wrapper.cfbundle; includeInIndex = 0; path = VirtualTouristTests.xctest; sourceTree = BUILT_PRODUCTS_DIR; };
		D1BD54D91C681DB600A75BC7 /* VirtualTouristTests.swift */ = {isa = PBXFileReference; lastKnownFileType = sourcecode.swift; path = VirtualTouristTests.swift; sourceTree = "<group>"; };
		D1BD54DB1C681DB600A75BC7 /* Info.plist */ = {isa = PBXFileReference; lastKnownFileType = text.plist.xml; path = Info.plist; sourceTree = "<group>"; };
		D1BD54E01C681DB600A75BC7 /* VirtualTouristUITests.xctest */ = {isa = PBXFileReference; explicitFileType = wrapper.cfbundle; includeInIndex = 0; path = VirtualTouristUITests.xctest; sourceTree = BUILT_PRODUCTS_DIR; };
		D1BD54E41C681DB600A75BC7 /* VirtualTouristUITests.swift */ = {isa = PBXFileReference; lastKnownFileType = sourcecode.swift; path = VirtualTouristUITests.swift; sourceTree = "<group>"; };
		D1BD54E61C681DB600A75BC7 /* Info.plist */ = {isa = PBXFileReference; lastKnownFileType = text.plist.xml; path = Info.plist; sourceTree = "<group>"; };
		D1BD54F21C68207B00A75BC7 /* MapKit.framework */ = {isa = PBXFileReference; lastKnownFileType = wrapper.framework; name = MapKit.framework; path = System/Library/Frameworks/MapKit.framework; sourceTree = SDKROOT; };
		D1BD54F41C68260800A75BC7 /* CoreDataStackManager.swift */ = {isa = PBXFileReference; fileEncoding = 4; lastKnownFileType = sourcecode.swift; path = CoreDataStackManager.swift; sourceTree = "<group>"; };
		D1BD54F71C68271200A75BC7 /* Pin.swift */ = {isa = PBXFileReference; fileEncoding = 4; lastKnownFileType = sourcecode.swift; path = Pin.swift; sourceTree = "<group>"; };
/* End PBXFileReference section */

/* Begin PBXFrameworksBuildPhase section */
		D1BD54BE1C681DB600A75BC7 /* Frameworks */ = {
			isa = PBXFrameworksBuildPhase;
			buildActionMask = 2147483647;
			files = (
				D1BD54F31C68207B00A75BC7 /* MapKit.framework in Frameworks */,
			);
			runOnlyForDeploymentPostprocessing = 0;
		};
		D1BD54D21C681DB600A75BC7 /* Frameworks */ = {
			isa = PBXFrameworksBuildPhase;
			buildActionMask = 2147483647;
			files = (
			);
			runOnlyForDeploymentPostprocessing = 0;
		};
		D1BD54DD1C681DB600A75BC7 /* Frameworks */ = {
			isa = PBXFrameworksBuildPhase;
			buildActionMask = 2147483647;
			files = (
			);
			runOnlyForDeploymentPostprocessing = 0;
		};
/* End PBXFrameworksBuildPhase section */

/* Begin PBXGroup section */
		D1BD54B81C681DB500A75BC7 = {
			isa = PBXGroup;
			children = (
				D1BD54F21C68207B00A75BC7 /* MapKit.framework */,
				D1BD54C31C681DB600A75BC7 /* VirtualTourist */,
				D1BD54D81C681DB600A75BC7 /* VirtualTouristTests */,
				D1BD54E31C681DB600A75BC7 /* VirtualTouristUITests */,
				D1BD54C21C681DB600A75BC7 /* Products */,
			);
			sourceTree = "<group>";
		};
		D1BD54C21C681DB600A75BC7 /* Products */ = {
			isa = PBXGroup;
			children = (
				D1BD54C11C681DB600A75BC7 /* VirtualTourist.app */,
				D1BD54D51C681DB600A75BC7 /* VirtualTouristTests.xctest */,
				D1BD54E01C681DB600A75BC7 /* VirtualTouristUITests.xctest */,
			);
			name = Products;
			sourceTree = "<group>";
		};
		D1BD54C31C681DB600A75BC7 /* VirtualTourist */ = {
			isa = PBXGroup;
			children = (
				D1BD54C61C681DB600A75BC7 /* MapViewController.swift */,
				ADB13C901C6E8E1000B5480B /* Model.xcdatamodeld */,
				D1BD54F61C6826BE00A75BC7 /* VirtualTourist */,
				D1BD54C81C681DB600A75BC7 /* Main.storyboard */,
				D1BD54CB1C681DB600A75BC7 /* Assets.xcassets */,
				D1BD54CD1C681DB600A75BC7 /* LaunchScreen.storyboard */,
				D1BD54D01C681DB600A75BC7 /* Info.plist */,
				D1BD54C41C681DB600A75BC7 /* AppDelegate.swift */,
				D1BD54F41C68260800A75BC7 /* CoreDataStackManager.swift */,
			);
			path = VirtualTourist;
			sourceTree = "<group>";
		};
		D1BD54D81C681DB600A75BC7 /* VirtualTouristTests */ = {
			isa = PBXGroup;
			children = (
				D1BD54D91C681DB600A75BC7 /* VirtualTouristTests.swift */,
				D1BD54DB1C681DB600A75BC7 /* Info.plist */,
			);
			path = VirtualTouristTests;
			sourceTree = "<group>";
		};
		D1BD54E31C681DB600A75BC7 /* VirtualTouristUITests */ = {
			isa = PBXGroup;
			children = (
				D1BD54E41C681DB600A75BC7 /* VirtualTouristUITests.swift */,
				D1BD54E61C681DB600A75BC7 /* Info.plist */,
			);
			path = VirtualTouristUITests;
			sourceTree = "<group>";
		};
		D1BD54F61C6826BE00A75BC7 /* VirtualTourist */ = {
			isa = PBXGroup;
			children = (
				D1BD54F71C68271200A75BC7 /* Pin.swift */,
			);
			name = VirtualTourist;
			sourceTree = "<group>";
		};
/* End PBXGroup section */

/* Begin PBXNativeTarget section */
		D1BD54C01C681DB600A75BC7 /* VirtualTourist */ = {
			isa = PBXNativeTarget;
			buildConfigurationList = D1BD54E91C681DB600A75BC7 /* Build configuration list for PBXNativeTarget "VirtualTourist" */;
			buildPhases = (
				D1BD54BD1C681DB600A75BC7 /* Sources */,
				D1BD54BE1C681DB600A75BC7 /* Frameworks */,
				D1BD54BF1C681DB600A75BC7 /* Resources */,
			);
			buildRules = (
			);
			dependencies = (
			);
			name = VirtualTourist;
			productName = VirtualTourist;
			productReference = D1BD54C11C681DB600A75BC7 /* VirtualTourist.app */;
			productType = "com.apple.product-type.application";
		};
		D1BD54D41C681DB600A75BC7 /* VirtualTouristTests */ = {
			isa = PBXNativeTarget;
			buildConfigurationList = D1BD54EC1C681DB600A75BC7 /* Build configuration list for PBXNativeTarget "VirtualTouristTests" */;
			buildPhases = (
				D1BD54D11C681DB600A75BC7 /* Sources */,
				D1BD54D21C681DB600A75BC7 /* Frameworks */,
				D1BD54D31C681DB600A75BC7 /* Resources */,
			);
			buildRules = (
			);
			dependencies = (
				D1BD54D71C681DB600A75BC7 /* PBXTargetDependency */,
			);
			name = VirtualTouristTests;
			productName = VirtualTouristTests;
			productReference = D1BD54D51C681DB600A75BC7 /* VirtualTouristTests.xctest */;
			productType = "com.apple.product-type.bundle.unit-test";
		};
		D1BD54DF1C681DB600A75BC7 /* VirtualTouristUITests */ = {
			isa = PBXNativeTarget;
			buildConfigurationList = D1BD54EF1C681DB600A75BC7 /* Build configuration list for PBXNativeTarget "VirtualTouristUITests" */;
			buildPhases = (
				D1BD54DC1C681DB600A75BC7 /* Sources */,
				D1BD54DD1C681DB600A75BC7 /* Frameworks */,
				D1BD54DE1C681DB600A75BC7 /* Resources */,
			);
			buildRules = (
			);
			dependencies = (
				D1BD54E21C681DB600A75BC7 /* PBXTargetDependency */,
			);
			name = VirtualTouristUITests;
			productName = VirtualTouristUITests;
			productReference = D1BD54E01C681DB600A75BC7 /* VirtualTouristUITests.xctest */;
			productType = "com.apple.product-type.bundle.ui-testing";
		};
/* End PBXNativeTarget section */

/* Begin PBXProject section */
		D1BD54B91C681DB500A75BC7 /* Project object */ = {
			isa = PBXProject;
			attributes = {
				LastSwiftUpdateCheck = 0720;
				LastUpgradeCheck = 0720;
				ORGANIZATIONNAME = "Laura Evans";
				TargetAttributes = {
					D1BD54C01C681DB600A75BC7 = {
						CreatedOnToolsVersion = 7.2.1;
						SystemCapabilities = {
							com.apple.Maps.iOS = {
								enabled = 1;
							};
						};
					};
					D1BD54D41C681DB600A75BC7 = {
						CreatedOnToolsVersion = 7.2.1;
						TestTargetID = D1BD54C01C681DB600A75BC7;
					};
					D1BD54DF1C681DB600A75BC7 = {
						CreatedOnToolsVersion = 7.2.1;
						TestTargetID = D1BD54C01C681DB600A75BC7;
					};
				};
			};
			buildConfigurationList = D1BD54BC1C681DB500A75BC7 /* Build configuration list for PBXProject "VirtualTourist" */;
			compatibilityVersion = "Xcode 3.2";
			developmentRegion = English;
			hasScannedForEncodings = 0;
			knownRegions = (
				en,
				Base,
			);
			mainGroup = D1BD54B81C681DB500A75BC7;
			productRefGroup = D1BD54C21C681DB600A75BC7 /* Products */;
			projectDirPath = "";
			projectRoot = "";
			targets = (
				D1BD54C01C681DB600A75BC7 /* VirtualTourist */,
				D1BD54D41C681DB600A75BC7 /* VirtualTouristTests */,
				D1BD54DF1C681DB600A75BC7 /* VirtualTouristUITests */,
			);
		};
/* End PBXProject section */

/* Begin PBXResourcesBuildPhase section */
		D1BD54BF1C681DB600A75BC7 /* Resources */ = {
			isa = PBXResourcesBuildPhase;
			buildActionMask = 2147483647;
			files = (
				D1BD54CF1C681DB600A75BC7 /* LaunchScreen.storyboard in Resources */,
				D1BD54CC1C681DB600A75BC7 /* Assets.xcassets in Resources */,
				D1BD54CA1C681DB600A75BC7 /* Main.storyboard in Resources */,
			);
			runOnlyForDeploymentPostprocessing = 0;
		};
		D1BD54D31C681DB600A75BC7 /* Resources */ = {
			isa = PBXResourcesBuildPhase;
			buildActionMask = 2147483647;
			files = (
			);
			runOnlyForDeploymentPostprocessing = 0;
		};
		D1BD54DE1C681DB600A75BC7 /* Resources */ = {
			isa = PBXResourcesBuildPhase;
			buildActionMask = 2147483647;
			files = (
			);
			runOnlyForDeploymentPostprocessing = 0;
		};
/* End PBXResourcesBuildPhase section */

/* Begin PBXSourcesBuildPhase section */
		D1BD54BD1C681DB600A75BC7 /* Sources */ = {
			isa = PBXSourcesBuildPhase;
			buildActionMask = 2147483647;
			files = (
				D1BD54C71C681DB600A75BC7 /* MapViewController.swift in Sources */,
				D1BD54C51C681DB600A75BC7 /* AppDelegate.swift in Sources */,
				ADB13C921C6E8E1000B5480B /* Model.xcdatamodeld in Sources */,
				D1BD54F51C68260800A75BC7 /* CoreDataStackManager.swift in Sources */,
				D1BD54F81C68271200A75BC7 /* Pin.swift in Sources */,
			);
			runOnlyForDeploymentPostprocessing = 0;
		};
		D1BD54D11C681DB600A75BC7 /* Sources */ = {
			isa = PBXSourcesBuildPhase;
			buildActionMask = 2147483647;
			files = (
				D1BD54DA1C681DB600A75BC7 /* VirtualTouristTests.swift in Sources */,
			);
			runOnlyForDeploymentPostprocessing = 0;
		};
		D1BD54DC1C681DB600A75BC7 /* Sources */ = {
			isa = PBXSourcesBuildPhase;
			buildActionMask = 2147483647;
			files = (
				D1BD54E51C681DB600A75BC7 /* VirtualTouristUITests.swift in Sources */,
			);
			runOnlyForDeploymentPostprocessing = 0;
		};
/* End PBXSourcesBuildPhase section */

/* Begin PBXTargetDependency section */
		D1BD54D71C681DB600A75BC7 /* PBXTargetDependency */ = {
			isa = PBXTargetDependency;
			target = D1BD54C01C681DB600A75BC7 /* VirtualTourist */;
			targetProxy = D1BD54D61C681DB600A75BC7 /* PBXContainerItemProxy */;
		};
		D1BD54E21C681DB600A75BC7 /* PBXTargetDependency */ = {
			isa = PBXTargetDependency;
			target = D1BD54C01C681DB600A75BC7 /* VirtualTourist */;
			targetProxy = D1BD54E11C681DB600A75BC7 /* PBXContainerItemProxy */;
		};
/* End PBXTargetDependency section */

/* Begin PBXVariantGroup section */
		D1BD54C81C681DB600A75BC7 /* Main.storyboard */ = {
			isa = PBXVariantGroup;
			children = (
				D1BD54C91C681DB600A75BC7 /* Base */,
			);
			name = Main.storyboard;
			sourceTree = "<group>";
		};
		D1BD54CD1C681DB600A75BC7 /* LaunchScreen.storyboard */ = {
			isa = PBXVariantGroup;
			children = (
				D1BD54CE1C681DB600A75BC7 /* Base */,
			);
			name = LaunchScreen.storyboard;
			sourceTree = "<group>";
		};
/* End PBXVariantGroup section */

/* Begin XCBuildConfiguration section */
		D1BD54E71C681DB600A75BC7 /* Debug */ = {
			isa = XCBuildConfiguration;
			buildSettings = {
				ALWAYS_SEARCH_USER_PATHS = NO;
				CLANG_CXX_LANGUAGE_STANDARD = "gnu++0x";
				CLANG_CXX_LIBRARY = "libc++";
				CLANG_ENABLE_MODULES = YES;
				CLANG_ENABLE_OBJC_ARC = YES;
				CLANG_WARN_BOOL_CONVERSION = YES;
				CLANG_WARN_CONSTANT_CONVERSION = YES;
				CLANG_WARN_DIRECT_OBJC_ISA_USAGE = YES_ERROR;
				CLANG_WARN_EMPTY_BODY = YES;
				CLANG_WARN_ENUM_CONVERSION = YES;
				CLANG_WARN_INT_CONVERSION = YES;
				CLANG_WARN_OBJC_ROOT_CLASS = YES_ERROR;
				CLANG_WARN_UNREACHABLE_CODE = YES;
				CLANG_WARN__DUPLICATE_METHOD_MATCH = YES;
				"CODE_SIGN_IDENTITY[sdk=iphoneos*]" = "iPhone Developer";
				COPY_PHASE_STRIP = NO;
				DEBUG_INFORMATION_FORMAT = dwarf;
				ENABLE_STRICT_OBJC_MSGSEND = YES;
				ENABLE_TESTABILITY = YES;
				GCC_C_LANGUAGE_STANDARD = gnu99;
				GCC_DYNAMIC_NO_PIC = NO;
				GCC_NO_COMMON_BLOCKS = YES;
				GCC_OPTIMIZATION_LEVEL = 0;
				GCC_PREPROCESSOR_DEFINITIONS = (
					"DEBUG=1",
					"$(inherited)",
				);
				GCC_WARN_64_TO_32_BIT_CONVERSION = YES;
				GCC_WARN_ABOUT_RETURN_TYPE = YES_ERROR;
				GCC_WARN_UNDECLARED_SELECTOR = YES;
				GCC_WARN_UNINITIALIZED_AUTOS = YES_AGGRESSIVE;
				GCC_WARN_UNUSED_FUNCTION = YES;
				GCC_WARN_UNUSED_VARIABLE = YES;
				IPHONEOS_DEPLOYMENT_TARGET = 9.2;
				MTL_ENABLE_DEBUG_INFO = YES;
				ONLY_ACTIVE_ARCH = YES;
				SDKROOT = iphoneos;
				SWIFT_OPTIMIZATION_LEVEL = "-Onone";
			};
			name = Debug;
		};
		D1BD54E81C681DB600A75BC7 /* Release */ = {
			isa = XCBuildConfiguration;
			buildSettings = {
				ALWAYS_SEARCH_USER_PATHS = NO;
				CLANG_CXX_LANGUAGE_STANDARD = "gnu++0x";
				CLANG_CXX_LIBRARY = "libc++";
				CLANG_ENABLE_MODULES = YES;
				CLANG_ENABLE_OBJC_ARC = YES;
				CLANG_WARN_BOOL_CONVERSION = YES;
				CLANG_WARN_CONSTANT_CONVERSION = YES;
				CLANG_WARN_DIRECT_OBJC_ISA_USAGE = YES_ERROR;
				CLANG_WARN_EMPTY_BODY = YES;
				CLANG_WARN_ENUM_CONVERSION = YES;
				CLANG_WARN_INT_CONVERSION = YES;
				CLANG_WARN_OBJC_ROOT_CLASS = YES_ERROR;
				CLANG_WARN_UNREACHABLE_CODE = YES;
				CLANG_WARN__DUPLICATE_METHOD_MATCH = YES;
				"CODE_SIGN_IDENTITY[sdk=iphoneos*]" = "iPhone Developer";
				COPY_PHASE_STRIP = NO;
				DEBUG_INFORMATION_FORMAT = "dwarf-with-dsym";
				ENABLE_NS_ASSERTIONS = NO;
				ENABLE_STRICT_OBJC_MSGSEND = YES;
				GCC_C_LANGUAGE_STANDARD = gnu99;
				GCC_NO_COMMON_BLOCKS = YES;
				GCC_WARN_64_TO_32_BIT_CONVERSION = YES;
				GCC_WARN_ABOUT_RETURN_TYPE = YES_ERROR;
				GCC_WARN_UNDECLARED_SELECTOR = YES;
				GCC_WARN_UNINITIALIZED_AUTOS = YES_AGGRESSIVE;
				GCC_WARN_UNUSED_FUNCTION = YES;
				GCC_WARN_UNUSED_VARIABLE = YES;
				IPHONEOS_DEPLOYMENT_TARGET = 9.2;
				MTL_ENABLE_DEBUG_INFO = NO;
				SDKROOT = iphoneos;
				VALIDATE_PRODUCT = YES;
			};
			name = Release;
		};
		D1BD54EA1C681DB600A75BC7 /* Debug */ = {
			isa = XCBuildConfiguration;
			buildSettings = {
				ASSETCATALOG_COMPILER_APPICON_NAME = AppIcon;
				INFOPLIST_FILE = VirtualTourist/Info.plist;
				IPHONEOS_DEPLOYMENT_TARGET = 9.0;
				LD_RUNPATH_SEARCH_PATHS = "$(inherited) @executable_path/Frameworks";
				PRODUCT_BUNDLE_IDENTIFIER = com.ivieinc.VirtualTourist;
				PRODUCT_NAME = "$(TARGET_NAME)";
				TARGETED_DEVICE_FAMILY = 1;
			};
			name = Debug;
		};
		D1BD54EB1C681DB600A75BC7 /* Release */ = {
			isa = XCBuildConfiguration;
			buildSettings = {
				ASSETCATALOG_COMPILER_APPICON_NAME = AppIcon;
				INFOPLIST_FILE = VirtualTourist/Info.plist;
				IPHONEOS_DEPLOYMENT_TARGET = 9.0;
				LD_RUNPATH_SEARCH_PATHS = "$(inherited) @executable_path/Frameworks";
				PRODUCT_BUNDLE_IDENTIFIER = com.ivieinc.VirtualTourist;
				PRODUCT_NAME = "$(TARGET_NAME)";
				TARGETED_DEVICE_FAMILY = 1;
			};
			name = Release;
		};
		D1BD54ED1C681DB600A75BC7 /* Debug */ = {
			isa = XCBuildConfiguration;
			buildSettings = {
				BUNDLE_LOADER = "$(TEST_HOST)";
				INFOPLIST_FILE = VirtualTouristTests/Info.plist;
				LD_RUNPATH_SEARCH_PATHS = "$(inherited) @executable_path/Frameworks @loader_path/Frameworks";
				PRODUCT_BUNDLE_IDENTIFIER = com.ivieinc.VirtualTouristTests;
				PRODUCT_NAME = "$(TARGET_NAME)";
				TEST_HOST = "$(BUILT_PRODUCTS_DIR)/VirtualTourist.app/VirtualTourist";
			};
			name = Debug;
		};
		D1BD54EE1C681DB600A75BC7 /* Release */ = {
			isa = XCBuildConfiguration;
			buildSettings = {
				BUNDLE_LOADER = "$(TEST_HOST)";
				INFOPLIST_FILE = VirtualTouristTests/Info.plist;
				LD_RUNPATH_SEARCH_PATHS = "$(inherited) @executable_path/Frameworks @loader_path/Frameworks";
				PRODUCT_BUNDLE_IDENTIFIER = com.ivieinc.VirtualTouristTests;
				PRODUCT_NAME = "$(TARGET_NAME)";
				TEST_HOST = "$(BUILT_PRODUCTS_DIR)/VirtualTourist.app/VirtualTourist";
			};
			name = Release;
		};
		D1BD54F01C681DB600A75BC7 /* Debug */ = {
			isa = XCBuildConfiguration;
			buildSettings = {
				INFOPLIST_FILE = VirtualTouristUITests/Info.plist;
				LD_RUNPATH_SEARCH_PATHS = "$(inherited) @executable_path/Frameworks @loader_path/Frameworks";
				PRODUCT_BUNDLE_IDENTIFIER = com.ivieinc.VirtualTouristUITests;
				PRODUCT_NAME = "$(TARGET_NAME)";
				TEST_TARGET_NAME = VirtualTourist;
				USES_XCTRUNNER = YES;
			};
			name = Debug;
		};
		D1BD54F11C681DB600A75BC7 /* Release */ = {
			isa = XCBuildConfiguration;
			buildSettings = {
				INFOPLIST_FILE = VirtualTouristUITests/Info.plist;
				LD_RUNPATH_SEARCH_PATHS = "$(inherited) @executable_path/Frameworks @loader_path/Frameworks";
				PRODUCT_BUNDLE_IDENTIFIER = com.ivieinc.VirtualTouristUITests;
				PRODUCT_NAME = "$(TARGET_NAME)";
				TEST_TARGET_NAME = VirtualTourist;
				USES_XCTRUNNER = YES;
			};
			name = Release;
		};
/* End XCBuildConfiguration section */

/* Begin XCConfigurationList section */
		D1BD54BC1C681DB500A75BC7 /* Build configuration list for PBXProject "VirtualTourist" */ = {
			isa = XCConfigurationList;
			buildConfigurations = (
				D1BD54E71C681DB600A75BC7 /* Debug */,
				D1BD54E81C681DB600A75BC7 /* Release */,
			);
			defaultConfigurationIsVisible = 0;
			defaultConfigurationName = Release;
		};
		D1BD54E91C681DB600A75BC7 /* Build configuration list for PBXNativeTarget "VirtualTourist" */ = {
			isa = XCConfigurationList;
			buildConfigurations = (
				D1BD54EA1C681DB600A75BC7 /* Debug */,
				D1BD54EB1C681DB600A75BC7 /* Release */,
			);
			defaultConfigurationIsVisible = 0;
			defaultConfigurationName = Release;
		};
		D1BD54EC1C681DB600A75BC7 /* Build configuration list for PBXNativeTarget "VirtualTouristTests" */ = {
			isa = XCConfigurationList;
			buildConfigurations = (
				D1BD54ED1C681DB600A75BC7 /* Debug */,
				D1BD54EE1C681DB600A75BC7 /* Release */,
			);
			defaultConfigurationIsVisible = 0;
			defaultConfigurationName = Release;
		};
		D1BD54EF1C681DB600A75BC7 /* Build configuration list for PBXNativeTarget "VirtualTouristUITests" */ = {
			isa = XCConfigurationList;
			buildConfigurations = (
				D1BD54F01C681DB600A75BC7 /* Debug */,
				D1BD54F11C681DB600A75BC7 /* Release */,
			);
			defaultConfigurationIsVisible = 0;
			defaultConfigurationName = Release;
		};
/* End XCConfigurationList section */

/* Begin XCVersionGroup section */
		ADB13C901C6E8E1000B5480B /* Model.xcdatamodeld */ = {
			isa = XCVersionGroup;
			children = (
				ADB13C911C6E8E1000B5480B /* Model.xcdatamodel */,
			);
			currentVersion = ADB13C911C6E8E1000B5480B /* Model.xcdatamodel */;
			path = Model.xcdatamodeld;
			sourceTree = "<group>";
			versionGroupType = wrapper.xcdatamodel;
		};
/* End XCVersionGroup section */
	};
	rootObject = D1BD54B91C681DB500A75BC7 /* Project object */;
}
